
Microsoft Visual Studio Solution File, Format Version 12.00
# Visual Studio Version 17
VisualStudioVersion = 17.5.33530.505
MinimumVisualStudioVersion = 10.0.40219.1
Project("{FAE04EC0-301F-11D3-BF4B-00C04F79EFBC}") = "BlazorTemplate", "BlazorTemplate\BlazorTemplate.csproj", "{113C7CAF-FE31-42C7-99D9-488E729A2297}"
EndProject
Global
	GlobalSection(SolutionConfigurationPlatforms) = preSolution
		Debug|Any CPU = Debug|Any CPU
		Release|Any CPU = Release|Any CPU
	EndGlobalSection
	GlobalSection(ProjectConfigurationPlatforms) = postSolution
		{113C7CAF-FE31-42C7-99D9-488E729A2297}.Debug|Any CPU.ActiveCfg = Debug|Any CPU
		{113C7CAF-FE31-42C7-99D9-488E729A2297}.Debug|Any CPU.Build.0 = Debug|Any CPU
		{113C7CAF-FE31-42C7-99D9-488E729A2297}.Release|Any CPU.ActiveCfg = Release|Any CPU
		{113C7CAF-FE31-42C7-99D9-488E729A2297}.Release|Any CPU.Build.0 = Release|Any CPU
	EndGlobalSection
	GlobalSection(SolutionProperties) = preSolution
		HideSolutionNode = FALSE
	EndGlobalSection
	GlobalSection(ExtensibilityGlobals) = postSolution
		SolutionGuid = {ABB34ACD-CE6D-4E40-AA20-897D62D1C131}
	EndGlobalSection
EndGlobal
